
Microsoft Visual Studio Solution File, Format Version 12.00
# Visual Studio Version 16
VisualStudioVersion = 16.0.29519.87
MinimumVisualStudioVersion = 10.0.40219.1
Project("{9A19103F-16F7-4668-BE54-9A1E7A4F7556}") = "WhatGenre", "WhatGenre\WhatGenre.csproj", "{F59744DF-C823-4FFB-B011-51F8B6A3C77A}"
EndProject
Project("{9A19103F-16F7-4668-BE54-9A1E7A4F7556}") = "Infrastructure", "Infrastructure\Infrastructure.csproj", "{F1EC10B2-1E15-4263-9D4C-3ACB280B4064}"
EndProject
Project("{FAE04EC0-301F-11D3-BF4B-00C04F79EFBC}") = "ApplicationCore", "ApplicationCore\ApplicationCore.csproj", "{49EE3E50-DC02-49A6-A858-236F1A451DE5}"
EndProject
Global
	GlobalSection(SolutionConfigurationPlatforms) = preSolution
		Debug|Any CPU = Debug|Any CPU
		Release|Any CPU = Release|Any CPU
	EndGlobalSection
	GlobalSection(ProjectConfigurationPlatforms) = postSolution
		{F59744DF-C823-4FFB-B011-51F8B6A3C77A}.Debug|Any CPU.ActiveCfg = Debug|Any CPU
		{F59744DF-C823-4FFB-B011-51F8B6A3C77A}.Debug|Any CPU.Build.0 = Debug|Any CPU
		{F59744DF-C823-4FFB-B011-51F8B6A3C77A}.Release|Any CPU.ActiveCfg = Release|Any CPU
		{F59744DF-C823-4FFB-B011-51F8B6A3C77A}.Release|Any CPU.Build.0 = Release|Any CPU
		{F1EC10B2-1E15-4263-9D4C-3ACB280B4064}.Debug|Any CPU.ActiveCfg = Debug|Any CPU
		{F1EC10B2-1E15-4263-9D4C-3ACB280B4064}.Debug|Any CPU.Build.0 = Debug|Any CPU
		{F1EC10B2-1E15-4263-9D4C-3ACB280B4064}.Release|Any CPU.ActiveCfg = Release|Any CPU
		{F1EC10B2-1E15-4263-9D4C-3ACB280B4064}.Release|Any CPU.Build.0 = Release|Any CPU
		{49EE3E50-DC02-49A6-A858-236F1A451DE5}.Debug|Any CPU.ActiveCfg = Debug|Any CPU
		{49EE3E50-DC02-49A6-A858-236F1A451DE5}.Debug|Any CPU.Build.0 = Debug|Any CPU
		{49EE3E50-DC02-49A6-A858-236F1A451DE5}.Release|Any CPU.ActiveCfg = Release|Any CPU
		{49EE3E50-DC02-49A6-A858-236F1A451DE5}.Release|Any CPU.Build.0 = Release|Any CPU
	EndGlobalSection
	GlobalSection(SolutionProperties) = preSolution
		HideSolutionNode = FALSE
	EndGlobalSection
	GlobalSection(ExtensibilityGlobals) = postSolution
		SolutionGuid = {C75686F8-46F9-4F12-AEB4-6D3826AEA98C}
	EndGlobalSection
EndGlobal
